{
  "nodes": {
    "flake-utils": {
      "locked": {
        "lastModified": 1656928814,
        "narHash": "sha256-RIFfgBuKz6Hp89yRr7+NR5tzIAbn52h8vT6vXkYjZoM=",
        "owner": "numtide",
        "repo": "flake-utils",
        "rev": "7e2a3b3dfd9af950a856d66b0a7d01e3c18aa249",
        "type": "github"
      },
      "original": {
        "owner": "numtide",
        "repo": "flake-utils",
        "type": "github"
      }
    },
    "nixpkgs": {
      "locked": {
        "lastModified": 1658937758,
        "narHash": "sha256-FxQB/tWX15Faq3GBM+qTfVzd9qJqy/3CEgBp2zpHeNc=",
        "owner": "NixOS",
        "repo": "nixpkgs",
        "rev": "8f73de28e63988da02426ebb17209e3ae07f103b",
        "type": "github"
      },
      "original": {
        "id": "nixpkgs",
        "type": "indirect"
      }
    },
    "pub2nix": {
      "flake": false,
      "locked": {
        "lastModified": 1658857493,
        "narHash": "sha256-1JdcFEmjwlr0NGNbB3fgYqaUZPJbaFnxYifNPoL3bio=",
        "owner": "cir0x",
        "repo": "pub2nix",
        "rev": "47e6ab2e061e0c7a0ae6a949a8c6b34daf3ac298",
        "type": "github"
      },
      "original": {
        "owner": "cir0x",
        "repo": "pub2nix",
        "type": "github"
      }
    },
    "root": {
      "inputs": {
        "flake-utils": "flake-utils",
        "nixpkgs": "nixpkgs",
        "pub2nix": "pub2nix"
      }
    }
  },
  "root": "root",
  "version": 7
}
