{
  "nodes": {
    "flake-utils": {
      "locked": {
        "lastModified": 1678901627,
        "narHash": "sha256-U02riOqrKKzwjsxc/400XnElV+UtPUQWpANPlyazjH0=",
        "owner": "numtide",
        "repo": "flake-utils",
        "rev": "93a2b84fc4b70d9e089d029deacc3583435c2ed6",
        "type": "github"
      },
      "original": {
        "owner": "numtide",
        "repo": "flake-utils",
        "type": "github"
      }
    },
    "nixpkgs": {
      "locked": {
        "lastModified": 1680182246,
        "narHash": "sha256-2WEHGApYCVt7bCm/0Ws8qYnp5Jn0mRgZ91tkoN+HrcY=",
        "owner": "NixOS",
        "repo": "nixpkgs",
        "rev": "b7fc729117a70d0df9e9adfc624662148e32ca0a",
        "type": "github"
      },
      "original": {
        "id": "nixpkgs",
        "type": "indirect"
      }
    },
    "pub2nix": {
      "flake": false,
      "locked": {
        "lastModified": 1658857493,
        "narHash": "sha256-1JdcFEmjwlr0NGNbB3fgYqaUZPJbaFnxYifNPoL3bio=",
        "owner": "cir0x",
        "repo": "pub2nix",
        "rev": "47e6ab2e061e0c7a0ae6a949a8c6b34daf3ac298",
        "type": "github"
      },
      "original": {
        "owner": "cir0x",
        "repo": "pub2nix",
        "type": "github"
      }
    },
    "root": {
      "inputs": {
        "flake-utils": "flake-utils",
        "nixpkgs": "nixpkgs",
        "pub2nix": "pub2nix"
      }
    }
  },
  "root": "root",
  "version": 7
}
